
Microsoft Visual Studio Solution File, Format Version 12.00
# Visual Studio 2013
VisualStudioVersion = 12.0.30501.0
MinimumVisualStudioVersion = 10.0.40219.1
Project("{E24C65DC-7377-472B-9ABA-BC803B73C61A}") = "Sakarya Rehberi Mobil", "http://localhost:55673", "{8E2DE4B0-BC2C-4CB5-924E-A41497AF4568}"
	ProjectSection(WebsiteProperties) = preProject
		UseIISExpress = "true"
		TargetFrameworkMoniker = ".NETFramework,Version%3Dv4.0"
		Debug.AspNetCompiler.VirtualPath = "/localhost_55673"
		Debug.AspNetCompiler.PhysicalPath = "..\Sakarya Rehberi Mobil\"
		Debug.AspNetCompiler.TargetPath = "PrecompiledWeb\localhost_55673\"
		Debug.AspNetCompiler.Updateable = "true"
		Debug.AspNetCompiler.ForceOverwrite = "true"
		Debug.AspNetCompiler.FixedNames = "false"
		Debug.AspNetCompiler.Debug = "True"
		Release.AspNetCompiler.VirtualPath = "/localhost_55673"
		Release.AspNetCompiler.PhysicalPath = "..\Sakarya Rehberi Mobil\"
		Release.AspNetCompiler.TargetPath = "PrecompiledWeb\localhost_55673\"
		Release.AspNetCompiler.Updateable = "true"
		Release.AspNetCompiler.ForceOverwrite = "true"
		Release.AspNetCompiler.FixedNames = "false"
		Release.AspNetCompiler.Debug = "False"
		SlnRelativePath = "..\Sakarya Rehberi Mobil\"
	EndProjectSection
EndProject
Global
	GlobalSection(SolutionConfigurationPlatforms) = preSolution
		Debug|Any CPU = Debug|Any CPU
	EndGlobalSection
	GlobalSection(ProjectConfigurationPlatforms) = postSolution
		{8E2DE4B0-BC2C-4CB5-924E-A41497AF4568}.Debug|Any CPU.ActiveCfg = Debug|Any CPU
		{8E2DE4B0-BC2C-4CB5-924E-A41497AF4568}.Debug|Any CPU.Build.0 = Debug|Any CPU
	EndGlobalSection
	GlobalSection(SolutionProperties) = preSolution
		HideSolutionNode = FALSE
	EndGlobalSection
EndGlobal
